
Microsoft Visual Studio Solution File, Format Version 12.00
# Visual Studio Version 16
VisualStudioVersion = 16.0.30011.22
MinimumVisualStudioVersion = 10.0.40219.1
Project("{FAE04EC0-301F-11D3-BF4B-00C04F79EFBC}") = "CarControl.Android", "CarControl\CarControl.Android\CarControl.Android.csproj", "{FCC5C865-326D-4D5F-8474-9404EC4F4A6F}"
EndProject
Project("{FAE04EC0-301F-11D3-BF4B-00C04F79EFBC}") = "CarControl.iOS", "CarControl\CarControl.iOS\CarControl.iOS.csproj", "{AA939DD6-F940-47B5-B5A0-9C6E2A85E5E0}"
EndProject
Project("{FAE04EC0-301F-11D3-BF4B-00C04F79EFBC}") = "CarControl", "CarControl\CarControl\CarControl.csproj", "{25A9A3DC-8455-429B-9476-27C7ABA53834}"
EndProject
Global
	GlobalSection(SolutionConfigurationPlatforms) = preSolution
		Debug|Any CPU = Debug|Any CPU
		Debug|iPhone = Debug|iPhone
		Debug|iPhoneSimulator = Debug|iPhoneSimulator
		Release|Any CPU = Release|Any CPU
		Release|iPhone = Release|iPhone
		Release|iPhoneSimulator = Release|iPhoneSimulator
	EndGlobalSection
	GlobalSection(ProjectConfigurationPlatforms) = postSolution
		{FCC5C865-326D-4D5F-8474-9404EC4F4A6F}.Debug|Any CPU.ActiveCfg = Debug|Any CPU
		{FCC5C865-326D-4D5F-8474-9404EC4F4A6F}.Debug|Any CPU.Build.0 = Debug|Any CPU
		{FCC5C865-326D-4D5F-8474-9404EC4F4A6F}.Debug|Any CPU.Deploy.0 = Debug|Any CPU
		{FCC5C865-326D-4D5F-8474-9404EC4F4A6F}.Debug|iPhone.ActiveCfg = Debug|Any CPU
		{FCC5C865-326D-4D5F-8474-9404EC4F4A6F}.Debug|iPhone.Build.0 = Debug|Any CPU
		{FCC5C865-326D-4D5F-8474-9404EC4F4A6F}.Debug|iPhone.Deploy.0 = Debug|Any CPU
		{FCC5C865-326D-4D5F-8474-9404EC4F4A6F}.Debug|iPhoneSimulator.ActiveCfg = Debug|Any CPU
		{FCC5C865-326D-4D5F-8474-9404EC4F4A6F}.Debug|iPhoneSimulator.Build.0 = Debug|Any CPU
		{FCC5C865-326D-4D5F-8474-9404EC4F4A6F}.Debug|iPhoneSimulator.Deploy.0 = Debug|Any CPU
		{FCC5C865-326D-4D5F-8474-9404EC4F4A6F}.Release|Any CPU.ActiveCfg = Release|Any CPU
		{FCC5C865-326D-4D5F-8474-9404EC4F4A6F}.Release|Any CPU.Build.0 = Release|Any CPU
		{FCC5C865-326D-4D5F-8474-9404EC4F4A6F}.Release|Any CPU.Deploy.0 = Release|Any CPU
		{FCC5C865-326D-4D5F-8474-9404EC4F4A6F}.Release|iPhone.ActiveCfg = Release|Any CPU
		{FCC5C865-326D-4D5F-8474-9404EC4F4A6F}.Release|iPhone.Build.0 = Release|Any CPU
		{FCC5C865-326D-4D5F-8474-9404EC4F4A6F}.Release|iPhone.Deploy.0 = Release|Any CPU
		{FCC5C865-326D-4D5F-8474-9404EC4F4A6F}.Release|iPhoneSimulator.ActiveCfg = Release|Any CPU
		{FCC5C865-326D-4D5F-8474-9404EC4F4A6F}.Release|iPhoneSimulator.Build.0 = Release|Any CPU
		{FCC5C865-326D-4D5F-8474-9404EC4F4A6F}.Release|iPhoneSimulator.Deploy.0 = Release|Any CPU
		{AA939DD6-F940-47B5-B5A0-9C6E2A85E5E0}.Debug|Any CPU.ActiveCfg = Debug|iPhone
		{AA939DD6-F940-47B5-B5A0-9C6E2A85E5E0}.Debug|Any CPU.Build.0 = Debug|iPhone
		{AA939DD6-F940-47B5-B5A0-9C6E2A85E5E0}.Debug|Any CPU.Deploy.0 = Debug|iPhone
		{AA939DD6-F940-47B5-B5A0-9C6E2A85E5E0}.Debug|iPhone.ActiveCfg = Debug|iPhone
		{AA939DD6-F940-47B5-B5A0-9C6E2A85E5E0}.Debug|iPhone.Build.0 = Debug|iPhone
		{AA939DD6-F940-47B5-B5A0-9C6E2A85E5E0}.Debug|iPhone.Deploy.0 = Debug|iPhone
		{AA939DD6-F940-47B5-B5A0-9C6E2A85E5E0}.Debug|iPhoneSimulator.ActiveCfg = Debug|iPhoneSimulator
		{AA939DD6-F940-47B5-B5A0-9C6E2A85E5E0}.Debug|iPhoneSimulator.Build.0 = Debug|iPhoneSimulator
		{AA939DD6-F940-47B5-B5A0-9C6E2A85E5E0}.Debug|iPhoneSimulator.Deploy.0 = Debug|iPhoneSimulator
		{AA939DD6-F940-47B5-B5A0-9C6E2A85E5E0}.Release|Any CPU.ActiveCfg = Release|iPhone
		{AA939DD6-F940-47B5-B5A0-9C6E2A85E5E0}.Release|Any CPU.Build.0 = Release|iPhone
		{AA939DD6-F940-47B5-B5A0-9C6E2A85E5E0}.Release|Any CPU.Deploy.0 = Release|iPhone
		{AA939DD6-F940-47B5-B5A0-9C6E2A85E5E0}.Release|iPhone.ActiveCfg = Release|iPhone
		{AA939DD6-F940-47B5-B5A0-9C6E2A85E5E0}.Release|iPhone.Build.0 = Release|iPhone
		{AA939DD6-F940-47B5-B5A0-9C6E2A85E5E0}.Release|iPhone.Deploy.0 = Release|iPhone
		{AA939DD6-F940-47B5-B5A0-9C6E2A85E5E0}.Release|iPhoneSimulator.ActiveCfg = Release|iPhoneSimulator
		{AA939DD6-F940-47B5-B5A0-9C6E2A85E5E0}.Release|iPhoneSimulator.Build.0 = Release|iPhoneSimulator
		{AA939DD6-F940-47B5-B5A0-9C6E2A85E5E0}.Release|iPhoneSimulator.Deploy.0 = Release|iPhoneSimulator
		{25A9A3DC-8455-429B-9476-27C7ABA53834}.Debug|Any CPU.ActiveCfg = Debug|Any CPU
		{25A9A3DC-8455-429B-9476-27C7ABA53834}.Debug|Any CPU.Build.0 = Debug|Any CPU
		{25A9A3DC-8455-429B-9476-27C7ABA53834}.Debug|Any CPU.Deploy.0 = Debug|Any CPU
		{25A9A3DC-8455-429B-9476-27C7ABA53834}.Debug|iPhone.ActiveCfg = Debug|Any CPU
		{25A9A3DC-8455-429B-9476-27C7ABA53834}.Debug|iPhone.Build.0 = Debug|Any CPU
		{25A9A3DC-8455-429B-9476-27C7ABA53834}.Debug|iPhone.Deploy.0 = Debug|Any CPU
		{25A9A3DC-8455-429B-9476-27C7ABA53834}.Debug|iPhoneSimulator.ActiveCfg = Debug|Any CPU
		{25A9A3DC-8455-429B-9476-27C7ABA53834}.Debug|iPhoneSimulator.Build.0 = Debug|Any CPU
		{25A9A3DC-8455-429B-9476-27C7ABA53834}.Debug|iPhoneSimulator.Deploy.0 = Debug|Any CPU
		{25A9A3DC-8455-429B-9476-27C7ABA53834}.Release|Any CPU.ActiveCfg = Release|Any CPU
		{25A9A3DC-8455-429B-9476-27C7ABA53834}.Release|Any CPU.Build.0 = Release|Any CPU
		{25A9A3DC-8455-429B-9476-27C7ABA53834}.Release|Any CPU.Deploy.0 = Release|Any CPU
		{25A9A3DC-8455-429B-9476-27C7ABA53834}.Release|iPhone.ActiveCfg = Release|Any CPU
		{25A9A3DC-8455-429B-9476-27C7ABA53834}.Release|iPhone.Build.0 = Release|Any CPU
		{25A9A3DC-8455-429B-9476-27C7ABA53834}.Release|iPhone.Deploy.0 = Release|Any CPU
		{25A9A3DC-8455-429B-9476-27C7ABA53834}.Release|iPhoneSimulator.ActiveCfg = Release|Any CPU
		{25A9A3DC-8455-429B-9476-27C7ABA53834}.Release|iPhoneSimulator.Build.0 = Release|Any CPU
		{25A9A3DC-8455-429B-9476-27C7ABA53834}.Release|iPhoneSimulator.Deploy.0 = Release|Any CPU
	EndGlobalSection
	GlobalSection(SolutionProperties) = preSolution
		HideSolutionNode = FALSE
	EndGlobalSection
	GlobalSection(ExtensibilityGlobals) = postSolution
		SolutionGuid = {1074D232-A2B1-4D77-BAEB-E0FDE9670FEF}
	EndGlobalSection
EndGlobal
